
Microsoft Visual Studio Solution File, Format Version 12.00
# Visual Studio Version 16
VisualStudioVersion = 16.0.31729.503
MinimumVisualStudioVersion = 10.0.40219.1
Project("{FAE04EC0-301F-11D3-BF4B-00C04F79EFBC}") = "ITCON Paid Project", "ITCON Paid Project\ITCON Paid Project.csproj", "{92566BEE-9D12-4A11-BD37-2C154C946666}"
EndProject
Global
	GlobalSection(SolutionConfigurationPlatforms) = preSolution
		Debug|Any CPU = Debug|Any CPU
		Release|Any CPU = Release|Any CPU
	EndGlobalSection
	GlobalSection(ProjectConfigurationPlatforms) = postSolution
		{92566BEE-9D12-4A11-BD37-2C154C946666}.Debug|Any CPU.ActiveCfg = Debug|Any CPU
		{92566BEE-9D12-4A11-BD37-2C154C946666}.Debug|Any CPU.Build.0 = Debug|Any CPU
		{92566BEE-9D12-4A11-BD37-2C154C946666}.Release|Any CPU.ActiveCfg = Release|Any CPU
		{92566BEE-9D12-4A11-BD37-2C154C946666}.Release|Any CPU.Build.0 = Release|Any CPU
	EndGlobalSection
	GlobalSection(SolutionProperties) = preSolution
		HideSolutionNode = FALSE
	EndGlobalSection
	GlobalSection(ExtensibilityGlobals) = postSolution
		SolutionGuid = {145BB18D-A003-4AC5-BE2F-CA3EC898D54D}
	EndGlobalSection
EndGlobal
