
Microsoft Visual Studio Solution File, Format Version 12.00
# Visual Studio Version 17
VisualStudioVersion = 17.1.32228.430
MinimumVisualStudioVersion = 10.0.40219.1
Project("{FAE04EC0-301F-11D3-BF4B-00C04F79EFBC}") = "SDA-Project", "SDA-Project\SDA-Project.csproj", "{C7714520-0D96-4970-B3C0-0CFCECC8E5DD}"
EndProject
Global
	GlobalSection(SolutionConfigurationPlatforms) = preSolution
		Debug|Any CPU = Debug|Any CPU
		Release|Any CPU = Release|Any CPU
	EndGlobalSection
	GlobalSection(ProjectConfigurationPlatforms) = postSolution
		{C7714520-0D96-4970-B3C0-0CFCECC8E5DD}.Debug|Any CPU.ActiveCfg = Debug|Any CPU
		{C7714520-0D96-4970-B3C0-0CFCECC8E5DD}.Debug|Any CPU.Build.0 = Debug|Any CPU
		{C7714520-0D96-4970-B3C0-0CFCECC8E5DD}.Release|Any CPU.ActiveCfg = Release|Any CPU
		{C7714520-0D96-4970-B3C0-0CFCECC8E5DD}.Release|Any CPU.Build.0 = Release|Any CPU
	EndGlobalSection
	GlobalSection(SolutionProperties) = preSolution
		HideSolutionNode = FALSE
	EndGlobalSection
	GlobalSection(ExtensibilityGlobals) = postSolution
		SolutionGuid = {75C81373-05EF-4D4D-9B03-AE6910CFC4A9}
	EndGlobalSection
EndGlobal
