
Microsoft Visual Studio Solution File, Format Version 12.00
# Visual Studio Version 17
VisualStudioVersion = 17.1.32228.430
MinimumVisualStudioVersion = 10.0.40219.1
Project("{FAE04EC0-301F-11D3-BF4B-00C04F79EFBC}") = "DMS", "DMS\DMS.csproj", "{DED75B9E-F0B2-4458-8EF9-2BC4F6E69932}"
EndProject
Global
	GlobalSection(SolutionConfigurationPlatforms) = preSolution
		Debug|Any CPU = Debug|Any CPU
		Release|Any CPU = Release|Any CPU
	EndGlobalSection
	GlobalSection(ProjectConfigurationPlatforms) = postSolution
		{DED75B9E-F0B2-4458-8EF9-2BC4F6E69932}.Debug|Any CPU.ActiveCfg = Debug|Any CPU
		{DED75B9E-F0B2-4458-8EF9-2BC4F6E69932}.Debug|Any CPU.Build.0 = Debug|Any CPU
		{DED75B9E-F0B2-4458-8EF9-2BC4F6E69932}.Release|Any CPU.ActiveCfg = Release|Any CPU
		{DED75B9E-F0B2-4458-8EF9-2BC4F6E69932}.Release|Any CPU.Build.0 = Release|Any CPU
	EndGlobalSection
	GlobalSection(SolutionProperties) = preSolution
		HideSolutionNode = FALSE
	EndGlobalSection
	GlobalSection(ExtensibilityGlobals) = postSolution
		SolutionGuid = {EF8950F3-C113-415B-92BE-4A8B8658C05E}
	EndGlobalSection
EndGlobal
