
Microsoft Visual Studio Solution File, Format Version 12.00
# Visual Studio Version 17
VisualStudioVersion = 17.7.34202.233
MinimumVisualStudioVersion = 10.0.40219.1
Project("{FAE04EC0-301F-11D3-BF4B-00C04F79EFBC}") = "OnlineJobPortal", "OnlineJobPortal\OnlineJobPortal.csproj", "{208B58C0-7D25-4B34-B500-886B0CDC9E3A}"
EndProject
Global
	GlobalSection(SolutionConfigurationPlatforms) = preSolution
		Debug|Any CPU = Debug|Any CPU
		Release|Any CPU = Release|Any CPU
	EndGlobalSection
	GlobalSection(ProjectConfigurationPlatforms) = postSolution
		{208B58C0-7D25-4B34-B500-886B0CDC9E3A}.Debug|Any CPU.ActiveCfg = Debug|Any CPU
		{208B58C0-7D25-4B34-B500-886B0CDC9E3A}.Debug|Any CPU.Build.0 = Debug|Any CPU
		{208B58C0-7D25-4B34-B500-886B0CDC9E3A}.Release|Any CPU.ActiveCfg = Release|Any CPU
		{208B58C0-7D25-4B34-B500-886B0CDC9E3A}.Release|Any CPU.Build.0 = Release|Any CPU
	EndGlobalSection
	GlobalSection(SolutionProperties) = preSolution
		HideSolutionNode = FALSE
	EndGlobalSection
	GlobalSection(ExtensibilityGlobals) = postSolution
		SolutionGuid = {FE6EE57E-6F6A-4788-952D-2B83728F8905}
	EndGlobalSection
EndGlobal
